// !$*UTF8*$!
{
	archiveVersion = 1;
	classes = {
	};
	objectVersion = 55;
	objects = {

/* Begin PBXBuildFile section */
		D10B7175284014AB00CECC18 /* HomeViewController.swift in Sources */ = {isa = PBXBuildFile; fileRef = D10B7174284014AB00CECC18 /* HomeViewController.swift */; };
		D10B7177284014B700CECC18 /* SearchViewController.swift in Sources */ = {isa = PBXBuildFile; fileRef = D10B7176284014B700CECC18 /* SearchViewController.swift */; };
		D10B7179284014CD00CECC18 /* RecommendListViewController.swift in Sources */ = {isa = PBXBuildFile; fileRef = D10B7178284014CD00CECC18 /* RecommendListViewController.swift */; };
		D10B717B2840150200CECC18 /* TabBarViewController.swift in Sources */ = {isa = PBXBuildFile; fileRef = D10B717A2840150200CECC18 /* TabBarViewController.swift */; };
		D10B717E2840152200CECC18 /* Player.storyboard in Resources */ = {isa = PBXBuildFile; fileRef = D10B717D2840152200CECC18 /* Player.storyboard */; };
		D10B71802840153200CECC18 /* PlayerViewController.swift in Sources */ = {isa = PBXBuildFile; fileRef = D10B717F2840153200CECC18 /* PlayerViewController.swift */; };
		D10B71822840155C00CECC18 /* PlayerView.swift in Sources */ = {isa = PBXBuildFile; fileRef = D10B71812840155C00CECC18 /* PlayerView.swift */; };
		D1811AC6284013B600279326 /* AppDelegate.swift in Sources */ = {isa = PBXBuildFile; fileRef = D1811AC5284013B600279326 /* AppDelegate.swift */; };
		D1811AC8284013B600279326 /* SceneDelegate.swift in Sources */ = {isa = PBXBuildFile; fileRef = D1811AC7284013B600279326 /* SceneDelegate.swift */; };
		D1811ACD284013B600279326 /* Main.storyboard in Resources */ = {isa = PBXBuildFile; fileRef = D1811ACB284013B600279326 /* Main.storyboard */; };
		D1811ACF284013B700279326 /* Assets.xcassets in Resources */ = {isa = PBXBuildFile; fileRef = D1811ACE284013B700279326 /* Assets.xcassets */; };
		D1811AD2284013B700279326 /* LaunchScreen.storyboard in Resources */ = {isa = PBXBuildFile; fileRef = D1811AD0284013B700279326 /* LaunchScreen.storyboard */; };
		D1841F332871D003000FA160 /* Kingfisher in Frameworks */ = {isa = PBXBuildFile; productRef = D1841F322871D003000FA160 /* Kingfisher */; };
/* End PBXBuildFile section */

/* Begin PBXFileReference section */
		D10B7174284014AB00CECC18 /* HomeViewController.swift */ = {isa = PBXFileReference; lastKnownFileType = sourcecode.swift; path = HomeViewController.swift; sourceTree = "<group>"; };
		D10B7176284014B700CECC18 /* SearchViewController.swift */ = {isa = PBXFileReference; lastKnownFileType = sourcecode.swift; path = SearchViewController.swift; sourceTree = "<group>"; };
		D10B7178284014CD00CECC18 /* RecommendListViewController.swift */ = {isa = PBXFileReference; lastKnownFileType = sourcecode.swift; path = RecommendListViewController.swift; sourceTree = "<group>"; };
		D10B717A2840150200CECC18 /* TabBarViewController.swift */ = {isa = PBXFileReference; lastKnownFileType = sourcecode.swift; path = TabBarViewController.swift; sourceTree = "<group>"; };
		D10B717D2840152200CECC18 /* Player.storyboard */ = {isa = PBXFileReference; lastKnownFileType = file.storyboard; path = Player.storyboard; sourceTree = "<group>"; };
		D10B717F2840153200CECC18 /* PlayerViewController.swift */ = {isa = PBXFileReference; lastKnownFileType = sourcecode.swift; path = PlayerViewController.swift; sourceTree = "<group>"; };
		D10B71812840155C00CECC18 /* PlayerView.swift */ = {isa = PBXFileReference; lastKnownFileType = sourcecode.swift; path = PlayerView.swift; sourceTree = "<group>"; };
		D1811AC2284013B600279326 /* NetflixStApp.app */ = {isa = PBXFileReference; explicitFileType = wrapper.application; includeInIndex = 0; path = NetflixStApp.app; sourceTree = BUILT_PRODUCTS_DIR; };
		D1811AC5284013B600279326 /* AppDelegate.swift */ = {isa = PBXFileReference; lastKnownFileType = sourcecode.swift; path = AppDelegate.swift; sourceTree = "<group>"; };
		D1811AC7284013B600279326 /* SceneDelegate.swift */ = {isa = PBXFileReference; lastKnownFileType = sourcecode.swift; path = SceneDelegate.swift; sourceTree = "<group>"; };
		D1811ACC284013B600279326 /* Base */ = {isa = PBXFileReference; lastKnownFileType = file.storyboard; name = Base; path = Base.lproj/Main.storyboard; sourceTree = "<group>"; };
		D1811ACE284013B700279326 /* Assets.xcassets */ = {isa = PBXFileReference; lastKnownFileType = folder.assetcatalog; path = Assets.xcassets; sourceTree = "<group>"; };
		D1811AD1284013B700279326 /* Base */ = {isa = PBXFileReference; lastKnownFileType = file.storyboard; name = Base; path = Base.lproj/LaunchScreen.storyboard; sourceTree = "<group>"; };
		D1811AD3284013B700279326 /* Info.plist */ = {isa = PBXFileReference; lastKnownFileType = text.plist.xml; path = Info.plist; sourceTree = "<group>"; };
/* End PBXFileReference section */

/* Begin PBXFrameworksBuildPhase section */
		D1811ABF284013B600279326 /* Frameworks */ = {
			isa = PBXFrameworksBuildPhase;
			buildActionMask = 2147483647;
			files = (
				D1841F332871D003000FA160 /* Kingfisher in Frameworks */,
			);
			runOnlyForDeploymentPostprocessing = 0;
		};
/* End PBXFrameworksBuildPhase section */

/* Begin PBXGroup section */
		D10B71732840144000CECC18 /* Main */ = {
			isa = PBXGroup;
			children = (
				D1811ACB284013B600279326 /* Main.storyboard */,
				D10B717A2840150200CECC18 /* TabBarViewController.swift */,
				D10B7174284014AB00CECC18 /* HomeViewController.swift */,
				D10B7176284014B700CECC18 /* SearchViewController.swift */,
				D10B7178284014CD00CECC18 /* RecommendListViewController.swift */,
			);
			path = Main;
			sourceTree = "<group>";
		};
		D10B717C2840151000CECC18 /* Player */ = {
			isa = PBXGroup;
			children = (
				D10B717D2840152200CECC18 /* Player.storyboard */,
				D10B717F2840153200CECC18 /* PlayerViewController.swift */,
				D10B71812840155C00CECC18 /* PlayerView.swift */,
			);
			path = Player;
			sourceTree = "<group>";
		};
		D1811AB9284013B600279326 = {
			isa = PBXGroup;
			children = (
				D1811AC4284013B600279326 /* NetflixStApp */,
				D1811AC3284013B600279326 /* Products */,
			);
			sourceTree = "<group>";
		};
		D1811AC3284013B600279326 /* Products */ = {
			isa = PBXGroup;
			children = (
				D1811AC2284013B600279326 /* NetflixStApp.app */,
			);
			name = Products;
			sourceTree = "<group>";
		};
		D1811AC4284013B600279326 /* NetflixStApp */ = {
			isa = PBXGroup;
			children = (
				D10B71732840144000CECC18 /* Main */,
				D10B717C2840151000CECC18 /* Player */,
				D1811AC5284013B600279326 /* AppDelegate.swift */,
				D1811AC7284013B600279326 /* SceneDelegate.swift */,
				D1811AD0284013B700279326 /* LaunchScreen.storyboard */,
				D1811ACE284013B700279326 /* Assets.xcassets */,
				D1811AD3284013B700279326 /* Info.plist */,
			);
			path = NetflixStApp;
			sourceTree = "<group>";
		};
/* End PBXGroup section */

/* Begin PBXNativeTarget section */
		D1811AC1284013B600279326 /* NetflixStApp */ = {
			isa = PBXNativeTarget;
			buildConfigurationList = D1811AD6284013B700279326 /* Build configuration list for PBXNativeTarget "NetflixStApp" */;
			buildPhases = (
				D1811ABE284013B600279326 /* Sources */,
				D1811ABF284013B600279326 /* Frameworks */,
				D1811AC0284013B600279326 /* Resources */,
			);
			buildRules = (
			);
			dependencies = (
			);
			name = NetflixStApp;
			packageProductDependencies = (
				D1841F322871D003000FA160 /* Kingfisher */,
			);
			productName = NetflixStApp;
			productReference = D1811AC2284013B600279326 /* NetflixStApp.app */;
			productType = "com.apple.product-type.application";
		};
/* End PBXNativeTarget section */

/* Begin PBXProject section */
		D1811ABA284013B600279326 /* Project object */ = {
			isa = PBXProject;
			attributes = {
				BuildIndependentTargetsInParallel = 1;
				LastSwiftUpdateCheck = 1330;
				LastUpgradeCheck = 1330;
				TargetAttributes = {
					D1811AC1284013B600279326 = {
						CreatedOnToolsVersion = 13.3;
					};
				};
			};
			buildConfigurationList = D1811ABD284013B600279326 /* Build configuration list for PBXProject "NetflixStApp" */;
			compatibilityVersion = "Xcode 13.0";
			developmentRegion = en;
			hasScannedForEncodings = 0;
			knownRegions = (
				en,
				Base,
			);
			mainGroup = D1811AB9284013B600279326;
			packageReferences = (
				D1841F312871D003000FA160 /* XCRemoteSwiftPackageReference "Kingfisher" */,
			);
			productRefGroup = D1811AC3284013B600279326 /* Products */;
			projectDirPath = "";
			projectRoot = "";
			targets = (
				D1811AC1284013B600279326 /* NetflixStApp */,
			);
		};
/* End PBXProject section */

/* Begin PBXResourcesBuildPhase section */
		D1811AC0284013B600279326 /* Resources */ = {
			isa = PBXResourcesBuildPhase;
			buildActionMask = 2147483647;
			files = (
				D1811AD2284013B700279326 /* LaunchScreen.storyboard in Resources */,
				D10B717E2840152200CECC18 /* Player.storyboard in Resources */,
				D1811ACF284013B700279326 /* Assets.xcassets in Resources */,
				D1811ACD284013B600279326 /* Main.storyboard in Resources */,
			);
			runOnlyForDeploymentPostprocessing = 0;
		};
/* End PBXResourcesBuildPhase section */

/* Begin PBXSourcesBuildPhase section */
		D1811ABE284013B600279326 /* Sources */ = {
			isa = PBXSourcesBuildPhase;
			buildActionMask = 2147483647;
			files = (
				D1811AC6284013B600279326 /* AppDelegate.swift in Sources */,
				D1811AC8284013B600279326 /* SceneDelegate.swift in Sources */,
				D10B7177284014B700CECC18 /* SearchViewController.swift in Sources */,
				D10B71822840155C00CECC18 /* PlayerView.swift in Sources */,
				D10B71802840153200CECC18 /* PlayerViewController.swift in Sources */,
				D10B7179284014CD00CECC18 /* RecommendListViewController.swift in Sources */,
				D10B717B2840150200CECC18 /* TabBarViewController.swift in Sources */,
				D10B7175284014AB00CECC18 /* HomeViewController.swift in Sources */,
			);
			runOnlyForDeploymentPostprocessing = 0;
		};
/* End PBXSourcesBuildPhase section */

/* Begin PBXVariantGroup section */
		D1811ACB284013B600279326 /* Main.storyboard */ = {
			isa = PBXVariantGroup;
			children = (
				D1811ACC284013B600279326 /* Base */,
			);
			name = Main.storyboard;
			sourceTree = "<group>";
		};
		D1811AD0284013B700279326 /* LaunchScreen.storyboard */ = {
			isa = PBXVariantGroup;
			children = (
				D1811AD1284013B700279326 /* Base */,
			);
			name = LaunchScreen.storyboard;
			sourceTree = "<group>";
		};
/* End PBXVariantGroup section */

/* Begin XCBuildConfiguration section */
		D1811AD4284013B700279326 /* Debug */ = {
			isa = XCBuildConfiguration;
			buildSettings = {
				ALWAYS_SEARCH_USER_PATHS = NO;
				CLANG_ANALYZER_NONNULL = YES;
				CLANG_ANALYZER_NUMBER_OBJECT_CONVERSION = YES_AGGRESSIVE;
				CLANG_CXX_LANGUAGE_STANDARD = "gnu++17";
				CLANG_ENABLE_MODULES = YES;
				CLANG_ENABLE_OBJC_ARC = YES;
				CLANG_ENABLE_OBJC_WEAK = YES;
				CLANG_WARN_BLOCK_CAPTURE_AUTORELEASING = YES;
				CLANG_WARN_BOOL_CONVERSION = YES;
				CLANG_WARN_COMMA = YES;
				CLANG_WARN_CONSTANT_CONVERSION = YES;
				CLANG_WARN_DEPRECATED_OBJC_IMPLEMENTATIONS = YES;
				CLANG_WARN_DIRECT_OBJC_ISA_USAGE = YES_ERROR;
				CLANG_WARN_DOCUMENTATION_COMMENTS = YES;
				CLANG_WARN_EMPTY_BODY = YES;
				CLANG_WARN_ENUM_CONVERSION = YES;
				CLANG_WARN_INFINITE_RECURSION = YES;
				CLANG_WARN_INT_CONVERSION = YES;
				CLANG_WARN_NON_LITERAL_NULL_CONVERSION = YES;
				CLANG_WARN_OBJC_IMPLICIT_RETAIN_SELF = YES;
				CLANG_WARN_OBJC_LITERAL_CONVERSION = YES;
				CLANG_WARN_OBJC_ROOT_CLASS = YES_ERROR;
				CLANG_WARN_QUOTED_INCLUDE_IN_FRAMEWORK_HEADER = YES;
				CLANG_WARN_RANGE_LOOP_ANALYSIS = YES;
				CLANG_WARN_STRICT_PROTOTYPES = YES;
				CLANG_WARN_SUSPICIOUS_MOVE = YES;
				CLANG_WARN_UNGUARDED_AVAILABILITY = YES_AGGRESSIVE;
				CLANG_WARN_UNREACHABLE_CODE = YES;
				CLANG_WARN__DUPLICATE_METHOD_MATCH = YES;
				COPY_PHASE_STRIP = NO;
				DEBUG_INFORMATION_FORMAT = dwarf;
				ENABLE_STRICT_OBJC_MSGSEND = YES;
				ENABLE_TESTABILITY = YES;
				GCC_C_LANGUAGE_STANDARD = gnu11;
				GCC_DYNAMIC_NO_PIC = NO;
				GCC_NO_COMMON_BLOCKS = YES;
				GCC_OPTIMIZATION_LEVEL = 0;
				GCC_PREPROCESSOR_DEFINITIONS = (
					"DEBUG=1",
					"$(inherited)",
				);
				GCC_WARN_64_TO_32_BIT_CONVERSION = YES;
				GCC_WARN_ABOUT_RETURN_TYPE = YES_ERROR;
				GCC_WARN_UNDECLARED_SELECTOR = YES;
				GCC_WARN_UNINITIALIZED_AUTOS = YES_AGGRESSIVE;
				GCC_WARN_UNUSED_FUNCTION = YES;
				GCC_WARN_UNUSED_VARIABLE = YES;
				IPHONEOS_DEPLOYMENT_TARGET = 15.4;
				MTL_ENABLE_DEBUG_INFO = INCLUDE_SOURCE;
				MTL_FAST_MATH = YES;
				ONLY_ACTIVE_ARCH = YES;
				SDKROOT = iphoneos;
				SWIFT_ACTIVE_COMPILATION_CONDITIONS = DEBUG;
				SWIFT_OPTIMIZATION_LEVEL = "-Onone";
			};
			name = Debug;
		};
		D1811AD5284013B700279326 /* Release */ = {
			isa = XCBuildConfiguration;
			buildSettings = {
				ALWAYS_SEARCH_USER_PATHS = NO;
				CLANG_ANALYZER_NONNULL = YES;
				CLANG_ANALYZER_NUMBER_OBJECT_CONVERSION = YES_AGGRESSIVE;
				CLANG_CXX_LANGUAGE_STANDARD = "gnu++17";
				CLANG_ENABLE_MODULES = YES;
				CLANG_ENABLE_OBJC_ARC = YES;
				CLANG_ENABLE_OBJC_WEAK = YES;
				CLANG_WARN_BLOCK_CAPTURE_AUTORELEASING = YES;
				CLANG_WARN_BOOL_CONVERSION = YES;
				CLANG_WARN_COMMA = YES;
				CLANG_WARN_CONSTANT_CONVERSION = YES;
				CLANG_WARN_DEPRECATED_OBJC_IMPLEMENTATIONS = YES;
				CLANG_WARN_DIRECT_OBJC_ISA_USAGE = YES_ERROR;
				CLANG_WARN_DOCUMENTATION_COMMENTS = YES;
				CLANG_WARN_EMPTY_BODY = YES;
				CLANG_WARN_ENUM_CONVERSION = YES;
				CLANG_WARN_INFINITE_RECURSION = YES;
				CLANG_WARN_INT_CONVERSION = YES;
				CLANG_WARN_NON_LITERAL_NULL_CONVERSION = YES;
				CLANG_WARN_OBJC_IMPLICIT_RETAIN_SELF = YES;
				CLANG_WARN_OBJC_LITERAL_CONVERSION = YES;
				CLANG_WARN_OBJC_ROOT_CLASS = YES_ERROR;
				CLANG_WARN_QUOTED_INCLUDE_IN_FRAMEWORK_HEADER = YES;
				CLANG_WARN_RANGE_LOOP_ANALYSIS = YES;
				CLANG_WARN_STRICT_PROTOTYPES = YES;
				CLANG_WARN_SUSPICIOUS_MOVE = YES;
				CLANG_WARN_UNGUARDED_AVAILABILITY = YES_AGGRESSIVE;
				CLANG_WARN_UNREACHABLE_CODE = YES;
				CLANG_WARN__DUPLICATE_METHOD_MATCH = YES;
				COPY_PHASE_STRIP = NO;
				DEBUG_INFORMATION_FORMAT = "dwarf-with-dsym";
				ENABLE_NS_ASSERTIONS = NO;
				ENABLE_STRICT_OBJC_MSGSEND = YES;
				GCC_C_LANGUAGE_STANDARD = gnu11;
				GCC_NO_COMMON_BLOCKS = YES;
				GCC_WARN_64_TO_32_BIT_CONVERSION = YES;
				GCC_WARN_ABOUT_RETURN_TYPE = YES_ERROR;
				GCC_WARN_UNDECLARED_SELECTOR = YES;
				GCC_WARN_UNINITIALIZED_AUTOS = YES_AGGRESSIVE;
				GCC_WARN_UNUSED_FUNCTION = YES;
				GCC_WARN_UNUSED_VARIABLE = YES;
				IPHONEOS_DEPLOYMENT_TARGET = 15.4;
				MTL_ENABLE_DEBUG_INFO = NO;
				MTL_FAST_MATH = YES;
				SDKROOT = iphoneos;
				SWIFT_COMPILATION_MODE = wholemodule;
				SWIFT_OPTIMIZATION_LEVEL = "-O";
				VALIDATE_PRODUCT = YES;
			};
			name = Release;
		};
		D1811AD7284013B700279326 /* Debug */ = {
			isa = XCBuildConfiguration;
			buildSettings = {
				ASSETCATALOG_COMPILER_APPICON_NAME = AppIcon;
				ASSETCATALOG_COMPILER_GLOBAL_ACCENT_COLOR_NAME = AccentColor;
				CODE_SIGN_STYLE = Automatic;
				CURRENT_PROJECT_VERSION = 1;
				DEVELOPMENT_TEAM = TXFPK3WSCH;
				GENERATE_INFOPLIST_FILE = YES;
				INFOPLIST_FILE = NetflixStApp/Info.plist;
				INFOPLIST_KEY_UIApplicationSupportsIndirectInputEvents = YES;
				INFOPLIST_KEY_UILaunchStoryboardName = LaunchScreen;
				INFOPLIST_KEY_UIMainStoryboardFile = Main;
				INFOPLIST_KEY_UISupportedInterfaceOrientations_iPad = "UIInterfaceOrientationPortrait UIInterfaceOrientationPortraitUpsideDown UIInterfaceOrientationLandscapeLeft UIInterfaceOrientationLandscapeRight";
				INFOPLIST_KEY_UISupportedInterfaceOrientations_iPhone = "UIInterfaceOrientationPortrait UIInterfaceOrientationLandscapeLeft UIInterfaceOrientationLandscapeRight";
				LD_RUNPATH_SEARCH_PATHS = (
					"$(inherited)",
					"@executable_path/Frameworks",
				);
				MARKETING_VERSION = 1.0;
				PRODUCT_BUNDLE_IDENTIFIER = SeanCho.NetflixStApp;
				PRODUCT_NAME = "$(TARGET_NAME)";
				SWIFT_EMIT_LOC_STRINGS = YES;
				SWIFT_VERSION = 5.0;
				TARGETED_DEVICE_FAMILY = "1,2";
			};
			name = Debug;
		};
		D1811AD8284013B700279326 /* Release */ = {
			isa = XCBuildConfiguration;
			buildSettings = {
				ASSETCATALOG_COMPILER_APPICON_NAME = AppIcon;
				ASSETCATALOG_COMPILER_GLOBAL_ACCENT_COLOR_NAME = AccentColor;
				CODE_SIGN_STYLE = Automatic;
				CURRENT_PROJECT_VERSION = 1;
				DEVELOPMENT_TEAM = TXFPK3WSCH;
				GENERATE_INFOPLIST_FILE = YES;
				INFOPLIST_FILE = NetflixStApp/Info.plist;
				INFOPLIST_KEY_UIApplicationSupportsIndirectInputEvents = YES;
				INFOPLIST_KEY_UILaunchStoryboardName = LaunchScreen;
				INFOPLIST_KEY_UIMainStoryboardFile = Main;
				INFOPLIST_KEY_UISupportedInterfaceOrientations_iPad = "UIInterfaceOrientationPortrait UIInterfaceOrientationPortraitUpsideDown UIInterfaceOrientationLandscapeLeft UIInterfaceOrientationLandscapeRight";
				INFOPLIST_KEY_UISupportedInterfaceOrientations_iPhone = "UIInterfaceOrientationPortrait UIInterfaceOrientationLandscapeLeft UIInterfaceOrientationLandscapeRight";
				LD_RUNPATH_SEARCH_PATHS = (
					"$(inherited)",
					"@executable_path/Frameworks",
				);
				MARKETING_VERSION = 1.0;
				PRODUCT_BUNDLE_IDENTIFIER = SeanCho.NetflixStApp;
				PRODUCT_NAME = "$(TARGET_NAME)";
				SWIFT_EMIT_LOC_STRINGS = YES;
				SWIFT_VERSION = 5.0;
				TARGETED_DEVICE_FAMILY = "1,2";
			};
			name = Release;
		};
/* End XCBuildConfiguration section */

/* Begin XCConfigurationList section */
		D1811ABD284013B600279326 /* Build configuration list for PBXProject "NetflixStApp" */ = {
			isa = XCConfigurationList;
			buildConfigurations = (
				D1811AD4284013B700279326 /* Debug */,
				D1811AD5284013B700279326 /* Release */,
			);
			defaultConfigurationIsVisible = 0;
			defaultConfigurationName = Release;
		};
		D1811AD6284013B700279326 /* Build configuration list for PBXNativeTarget "NetflixStApp" */ = {
			isa = XCConfigurationList;
			buildConfigurations = (
				D1811AD7284013B700279326 /* Debug */,
				D1811AD8284013B700279326 /* Release */,
			);
			defaultConfigurationIsVisible = 0;
			defaultConfigurationName = Release;
		};
/* End XCConfigurationList section */

/* Begin XCRemoteSwiftPackageReference section */
		D1841F312871D003000FA160 /* XCRemoteSwiftPackageReference "Kingfisher" */ = {
			isa = XCRemoteSwiftPackageReference;
			repositoryURL = "https://github.com/onevcat/Kingfisher";
			requirement = {
				kind = upToNextMajorVersion;
				minimumVersion = 7.0.0;
			};
		};
/* End XCRemoteSwiftPackageReference section */

/* Begin XCSwiftPackageProductDependency section */
		D1841F322871D003000FA160 /* Kingfisher */ = {
			isa = XCSwiftPackageProductDependency;
			package = D1841F312871D003000FA160 /* XCRemoteSwiftPackageReference "Kingfisher" */;
			productName = Kingfisher;
		};
/* End XCSwiftPackageProductDependency section */
	};
	rootObject = D1811ABA284013B600279326 /* Project object */;
}
